github.com/KKKZOZ/hugo-admonitions v0.12.0 h1:x74ZrNUCrySH5JHPO2qGx+b1Mz8r+F1rBlH9qM833io=
github.com/KKKZOZ/hugo-admonitions v0.12.0/go.mod h1:4PsJAsqo3mS3VzAtDLa8k0ds+CJQUWZhAo9kLi1NRlM=
github.com/hugo-toha/toha/v4 v4.13.0 h1:h6ZKpqSZIcNK8ufptcRbg+Bm63tBq7v+X2jCC1mlcwg=
github.com/hugo-toha/toha/v4 v4.13.0/go.mod h1:TU/6WXz7fJ3BSrTS+K/sVctzUMF4pB4ZwKWzFBFra8g=
github.com/imfing/hextra v0.11.1 h1:8pTc4ReYbzGTHAnyiebmlT3ijFfIXiGu1r7tM/UGjFI=
github.com/imfing/hextra v0.11.1/go.mod h1:cEfel3lU/bSx7lTE/+uuR4GJaphyOyiwNR3PTqFTXpI=
